{
    "name": "stratum-pool",
    "version": "0.1.9",
    "lockfileVersion": 1,
    "requires": true,
    "dependencies": {
        "bindings": {
            "version": "1.2.1",
            "resolved": "https://registry.npmjs.org/bindings/-/bindings-1.2.1.tgz",
            "integrity": "sha1-FK1hE4EtLTfXLme0ystLtyZQXxE="
        },
        "multi-hashing": {
            "version": "git+https://github.com/krisklosterman/node-multi-hashing.git#58de58a2977b87a8b48292fdf2feae06c81b085f",
            "requires": {
                "bindings": "1.2.1",
                "nan": "2.6.2"
            }
        },
        "nan": {
            "version": "2.6.2",
            "resolved": "https://registry.npmjs.org/nan/-/nan-2.6.2.tgz",
            "integrity": "sha1-5P805slf37WuzAjeZZb0NgWn20U="
        }
    }
}
