{
    "name": "stratum-pool",
    "version": "0.1.9",
    "lockfileVersion": 1,
    "requires": true,
    "dependencies": {
        "async": {
            "version": "3.2.0",
            "resolved": "https://registry.npmjs.org/async/-/async-3.2.0.tgz",
            "integrity": "sha512-TR2mEZFVOj2pLStYxLht7TyfuRzaydfpxr3k9RpHIzMgw7A64dzsdqCxH1WJyQdoe8T10nDXd9wnEigmiuHIZw=="
        },
        "base58-native": {
            "version": "0.1.4",
            "resolved": "https://registry.npmjs.org/base58-native/-/base58-native-0.1.4.tgz",
            "integrity": "sha1-u5I0qN8mYtBLC3Fa7uH4mxX+8TQ=",
            "requires": {
                "bignum": ">=0.6.1"
            }
        },
        "bigint-buffer": {
            "version": "1.1.5",
            "resolved": "https://registry.npmjs.org/bigint-buffer/-/bigint-buffer-1.1.5.tgz",
            "integrity": "sha512-trfYco6AoZ+rKhKnxA0hgX0HAbVP/s808/EuDSe2JDzUnCp/xAsli35Orvk67UrTEcwuxZqYZDmfA2RXJgxVvA==",
            "requires": {
                "bindings": "^1.3.0"
            }
        },
        "bignum": {
            "version": "0.13.1",
            "resolved": "https://registry.npmjs.org/bignum/-/bignum-0.13.1.tgz",
            "integrity": "sha512-sPtvw/knt6nmBm4fPgsu+FtNypM5y2Org723h9fAOl7UDgc8nyIbVbcBCatVR/nOJWCsKctSE14u+3bW5sAkFA==",
            "requires": {
                "bindings": "^1.5.0",
                "nan": "^2.14.0",
                "safe-buffer": "^5.2.0"
            }
        },
        "bignumber.js": {
            "version": "9.0.1",
            "resolved": "https://registry.npmjs.org/bignumber.js/-/bignumber.js-9.0.1.tgz",
            "integrity": "sha512-IdZR9mh6ahOBv/hYGiXyVuyCetmGJhtYkqLBpTStdhEGjegpPlUawydyaF3pbIOFynJTpllEs+NP+CS9jKFLjA=="
        },
        "bindings": {
            "version": "1.5.0",
            "resolved": "https://registry.npmjs.org/bindings/-/bindings-1.5.0.tgz",
            "integrity": "sha512-p2q/t/mhvuOj/UeLlV6566GD/guowlr0hHxClI0W9m7MWYkL1F0hLo+0Aexs9HSPCtR1SXQ0TD3MMKrXZajbiQ==",
            "requires": {
                "file-uri-to-path": "1.0.0"
            }
        },
        "blake2": {
            "version": "4.0.2",
            "resolved": "https://registry.npmjs.org/blake2/-/blake2-4.0.2.tgz",
            "integrity": "sha512-Z7yip562cm1s1pXBYfn64ScLH9HVy6zarw5FCKEVqTBRxyXn736sPmM3nYSCWw1zWt+zEUSwrbEXbElgwDi9aw==",
            "requires": {
                "nan": "^2.14.2"
            }
        },
        "file-uri-to-path": {
            "version": "1.0.0",
            "resolved": "https://registry.npmjs.org/file-uri-to-path/-/file-uri-to-path-1.0.0.tgz",
            "integrity": "sha512-0Zt+s3L7Vf1biwWZ29aARiVYLx7iMGnEUl9x33fbB/j3jR81u/O2LbqK+Bm1CDSNDKVtJ/YjwY7TUd5SkeLQLw=="
        },
        "json-bigint": {
            "version": "1.0.0",
            "resolved": "https://registry.npmjs.org/json-bigint/-/json-bigint-1.0.0.tgz",
            "integrity": "sha512-SiPv/8VpZuWbvLSMtTDU8hEfrZWg/mH/nV/b4o0CYbSxu1UIQPLdwKOCIyLQX+VIPO5vrLX3i8qtqFyhdPSUSQ==",
            "requires": {
                "bignumber.js": "^9.0.0"
            }
        },
        "multi-hashing": {
            "version": "git://github.com/zone117x/node-multi-hashing.git#7ad4aa9f098a894f14c83a824d0afb1f274a798e",
            "from": "git://github.com/zone117x/node-multi-hashing.git",
            "requires": {
                "bindings": "*",
                "nan": "^2.14.1"
            }
        },
        "nan": {
            "version": "2.14.2",
            "resolved": "https://registry.npmjs.org/nan/-/nan-2.14.2.tgz",
            "integrity": "sha512-M2ufzIiINKCuDfBSAUr1vWQ+vuVcA9kqx8JJUsbQi6yf1uGRyb7HfpdfUr5qLXf3B/t8dPvcjhKMmlfnP47EzQ=="
        },
        "safe-buffer": {
            "version": "5.2.1",
            "resolved": "https://registry.npmjs.org/safe-buffer/-/safe-buffer-5.2.1.tgz",
            "integrity": "sha512-rp3So07KcdmmKbGvgaNxQSJr7bGVSVk5S9Eq1F+ppbRo70+YeaDxkw5Dd8NPN+GD6bjnYm2VuPuCXmpuYvmCXQ=="
        },
        "uint64be": {
            "version": "3.0.0",
            "resolved": "https://registry.npmjs.org/uint64be/-/uint64be-3.0.0.tgz",
            "integrity": "sha512-mliiCSrsE29aNBI7O9W5gGv6WmA9kBR8PtTt6Apaxns076IRdYrrtFhXHEWMj5CSum3U7cv7/pi4xmi4XsIOqg=="
        }
    }
}
